
Microsoft Visual Studio Solution File, Format Version 12.00
Project("{2150E333-8FDC-42A3-9474-1A3956D46DE8}") = "docs", "docs", "{646F8545-6992-4142-AE6E-83EEA970155D}"
	ProjectSection(SolutionItems) = preProject
		docs\assets\img\list.PNG = docs\assets\img\list.PNG
		docs\assets\img\product.PNG = docs\assets\img\product.PNG
		docs\assets\img\SendCommandFlow.svg = docs\assets\img\SendCommandFlow.svg
		docs\Basics.md = docs\Basics.md
		docs\Caching-Queries.md = docs\Caching-Queries.md
		docs\Commands.md = docs\Commands.md
		docs\Command-Sequence.md = docs\Command-Sequence.md
		docs\Command-Validation.md = docs\Command-Validation.md
		docs\Configuration.md = docs\Configuration.md
		docs\Domain-Commands.md = docs\Domain-Commands.md
		docs\Events.md = docs\Events.md
		docs\index.md = docs\index.md
		docs\Installation.md = docs\Installation.md
		docs\Message-Bus.md = docs\Message-Bus.md
		docs\Providers.md = docs\Providers.md
		docs\Queries.md = docs\Queries.md
		docs\Release-Notes.md = docs\Release-Notes.md
		docs\Samples.md = docs\Samples.md
		docs\UI.md = docs\UI.md
		docs\With-Event-Sourcing.md = docs\With-Event-Sourcing.md
		docs\Without-Event-Sourcing.md = docs\Without-Event-Sourcing.md
	EndProjectSection
EndProject
Project("{2150E333-8FDC-42A3-9474-1A3956D46DE8}") = "samples", "samples", "{F103ACC7-C5B1-4DB7-BF32-F2B8111449AD}"
EndProject
Project("{2150E333-8FDC-42A3-9474-1A3956D46DE8}") = "src", "src", "{EC39A463-41CD-4833-AA30-0805E39AAC24}"
EndProject
Project("{2150E333-8FDC-42A3-9474-1A3956D46DE8}") = "test", "test", "{D492DA34-E71C-4719-A873-28E02B3B63A7}"
EndProject
Project("{2150E333-8FDC-42A3-9474-1A3956D46DE8}") = "assets", "assets", "{E59BAC44-7E86-428A-ADA7-128D84A82EA3}"
EndProject
Project("{2150E333-8FDC-42A3-9474-1A3956D46DE8}") = "img", "img", "{4C2CD34F-3D0A-4C9D-A4A1-A8C7A568B617}"
	ProjectSection(SolutionItems) = preProject
		docs\assets\img\list.PNG = docs\assets\img\list.PNG
		docs\assets\img\product.PNG = docs\assets\img\product.PNG
		docs\assets\img\SendCommandFlow.svg = docs\assets\img\SendCommandFlow.svg
	EndProjectSection
EndProject
Project("{FAE04EC0-301F-11D3-BF4B-00C04F79EFBC}") = "Kledex", "src\Kledex\Kledex.csproj", "{80B2F17C-CB4E-4932-A63E-6D80CA33E352}"
EndProject
Project("{FAE04EC0-301F-11D3-BF4B-00C04F79EFBC}") = "Kledex.Bus.RabbitMQ", "src\Kledex.Bus.RabbitMQ\Kledex.Bus.RabbitMQ.csproj", "{C025AE32-01B0-4222-97A8-D825A2C0633A}"
EndProject
Project("{FAE04EC0-301F-11D3-BF4B-00C04F79EFBC}") = "Kledex.Bus.ServiceBus", "src\Kledex.Bus.ServiceBus\Kledex.Bus.ServiceBus.csproj", "{70EFEA75-8EB7-46F0-B77B-DE2214C53346}"
EndProject
Project("{FAE04EC0-301F-11D3-BF4B-00C04F79EFBC}") = "Kledex.Caching.Memory", "src\Kledex.Caching.Memory\Kledex.Caching.Memory.csproj", "{012F22C5-38CC-451E-8B86-2A3AD083F71C}"
EndProject
Project("{FAE04EC0-301F-11D3-BF4B-00C04F79EFBC}") = "Kledex.Caching.Redis", "src\Kledex.Caching.Redis\Kledex.Caching.Redis.csproj", "{57B2CC8F-7140-4AE5-AE68-91596E61EF48}"
EndProject
Project("{FAE04EC0-301F-11D3-BF4B-00C04F79EFBC}") = "Kledex.Store.Cosmos.Mongo", "src\Kledex.Store.Cosmos.Mongo\Kledex.Store.Cosmos.Mongo.csproj", "{CDDF63B8-B6E2-4863-9BFA-23E3CA467211}"
EndProject
Project("{FAE04EC0-301F-11D3-BF4B-00C04F79EFBC}") = "Kledex.Store.Cosmos.Sql", "src\Kledex.Store.Cosmos.Sql\Kledex.Store.Cosmos.Sql.csproj", "{F11210C4-7C88-45D9-8190-5FAC8E3CF7CD}"
EndProject
Project("{FAE04EC0-301F-11D3-BF4B-00C04F79EFBC}") = "Kledex.Store.EF", "src\Kledex.Store.EF\Kledex.Store.EF.csproj", "{4FF0E2FA-5C2B-4081-963F-7A7FDFD13F6C}"
EndProject
Project("{FAE04EC0-301F-11D3-BF4B-00C04F79EFBC}") = "Kledex.Store.EF.Cosmos", "src\Kledex.Store.EF.Cosmos\Kledex.Store.EF.Cosmos.csproj", "{0B26CA58-9369-44A6-B3FF-3D47C53F4243}"
EndProject
Project("{FAE04EC0-301F-11D3-BF4B-00C04F79EFBC}") = "Kledex.Store.EF.InMemory", "src\Kledex.Store.EF.InMemory\Kledex.Store.EF.InMemory.csproj", "{4D1E2995-ABB6-4F86-8903-C0F1A7B550EA}"
EndProject
Project("{FAE04EC0-301F-11D3-BF4B-00C04F79EFBC}") = "Kledex.Store.EF.MySql", "src\Kledex.Store.EF.MySql\Kledex.Store.EF.MySql.csproj", "{F171E7F5-8581-41D7-84A4-9B900BF91687}"
EndProject
Project("{FAE04EC0-301F-11D3-BF4B-00C04F79EFBC}") = "Kledex.Store.EF.PostgreSql", "src\Kledex.Store.EF.PostgreSql\Kledex.Store.EF.PostgreSql.csproj", "{5F5A6C91-3197-497C-8A88-9342FDF87040}"
EndProject
Project("{FAE04EC0-301F-11D3-BF4B-00C04F79EFBC}") = "Kledex.Store.EF.Sqlite", "src\Kledex.Store.EF.Sqlite\Kledex.Store.EF.Sqlite.csproj", "{760F20F8-BD88-4D3B-9500-32A8AFB46130}"
EndProject
Project("{FAE04EC0-301F-11D3-BF4B-00C04F79EFBC}") = "Kledex.Validation.FluentValidation", "src\Kledex.Validation.FluentValidation\Kledex.Validation.FluentValidation.csproj", "{50DA622C-5981-455C-84D8-6653E1417B77}"
EndProject
Project("{FAE04EC0-301F-11D3-BF4B-00C04F79EFBC}") = "Kledex.Tests", "test\Kledex.Tests\Kledex.Tests.csproj", "{2AA1933B-55B2-4377-82DD-AB8E3E78BB74}"
EndProject
Project("{FAE04EC0-301F-11D3-BF4B-00C04F79EFBC}") = "Kledex.Bus.ServiceBus.Tests", "test\Kledex.Bus.ServiceBus.Tests\Kledex.Bus.ServiceBus.Tests.csproj", "{60A80517-F7D7-4D2E-9496-3C4AB7BD2ADF}"
EndProject
Project("{FAE04EC0-301F-11D3-BF4B-00C04F79EFBC}") = "Kledex.Sample.CommandSequence", "samples\Kledex.Sample.CommandSequence\Kledex.Sample.CommandSequence.csproj", "{0312CBBF-41C7-41E6-A870-4CBD9C035CC2}"
EndProject
Project("{FAE04EC0-301F-11D3-BF4B-00C04F79EFBC}") = "Kledex.Sample.EventSourcing", "samples\Kledex.Sample.EventSourcing\Kledex.Sample.EventSourcing.csproj", "{87964AA2-A788-4E78-AC14-C5B6E6DD4088}"
EndProject
Project("{FAE04EC0-301F-11D3-BF4B-00C04F79EFBC}") = "Kledex.Store.EF.SqlServer", "src\Kledex.Store.EF.SqlServer\Kledex.Store.EF.SqlServer.csproj", "{3A50AE04-57CD-4196-A718-FD9FEB9D27B2}"
EndProject
Project("{FAE04EC0-301F-11D3-BF4B-00C04F79EFBC}") = "Kledex.Sample.NoEventSourcing", "samples\Kledex.Sample.NoEventSourcing\Kledex.Sample.NoEventSourcing.csproj", "{69831F60-5D9C-4975-BEAD-7C6DB5A5966A}"
EndProject
Project("{FAE04EC0-301F-11D3-BF4B-00C04F79EFBC}") = "Kledex.Bus.Kafka", "src\Kledex.Bus.Kafka\Kledex.Bus.Kafka.csproj", "{125DE642-01DA-4E8B-B2AF-C24F7B9E5430}"
EndProject
Global
	GlobalSection(SolutionConfigurationPlatforms) = preSolution
		Debug|Any CPU = Debug|Any CPU
		Release|Any CPU = Release|Any CPU
	EndGlobalSection
	GlobalSection(ProjectConfigurationPlatforms) = postSolution
		{80B2F17C-CB4E-4932-A63E-6D80CA33E352}.Debug|Any CPU.ActiveCfg = Debug|Any CPU
		{80B2F17C-CB4E-4932-A63E-6D80CA33E352}.Debug|Any CPU.Build.0 = Debug|Any CPU
		{80B2F17C-CB4E-4932-A63E-6D80CA33E352}.Release|Any CPU.ActiveCfg = Release|Any CPU
		{80B2F17C-CB4E-4932-A63E-6D80CA33E352}.Release|Any CPU.Build.0 = Release|Any CPU
		{C025AE32-01B0-4222-97A8-D825A2C0633A}.Debug|Any CPU.ActiveCfg = Debug|Any CPU
		{C025AE32-01B0-4222-97A8-D825A2C0633A}.Debug|Any CPU.Build.0 = Debug|Any CPU
		{C025AE32-01B0-4222-97A8-D825A2C0633A}.Release|Any CPU.ActiveCfg = Release|Any CPU
		{C025AE32-01B0-4222-97A8-D825A2C0633A}.Release|Any CPU.Build.0 = Release|Any CPU
		{70EFEA75-8EB7-46F0-B77B-DE2214C53346}.Debug|Any CPU.ActiveCfg = Debug|Any CPU
		{70EFEA75-8EB7-46F0-B77B-DE2214C53346}.Debug|Any CPU.Build.0 = Debug|Any CPU
		{70EFEA75-8EB7-46F0-B77B-DE2214C53346}.Release|Any CPU.ActiveCfg = Release|Any CPU
		{70EFEA75-8EB7-46F0-B77B-DE2214C53346}.Release|Any CPU.Build.0 = Release|Any CPU
		{012F22C5-38CC-451E-8B86-2A3AD083F71C}.Debug|Any CPU.ActiveCfg = Debug|Any CPU
		{012F22C5-38CC-451E-8B86-2A3AD083F71C}.Debug|Any CPU.Build.0 = Debug|Any CPU
		{012F22C5-38CC-451E-8B86-2A3AD083F71C}.Release|Any CPU.ActiveCfg = Release|Any CPU
		{012F22C5-38CC-451E-8B86-2A3AD083F71C}.Release|Any CPU.Build.0 = Release|Any CPU
		{57B2CC8F-7140-4AE5-AE68-91596E61EF48}.Debug|Any CPU.ActiveCfg = Debug|Any CPU
		{57B2CC8F-7140-4AE5-AE68-91596E61EF48}.Debug|Any CPU.Build.0 = Debug|Any CPU
		{57B2CC8F-7140-4AE5-AE68-91596E61EF48}.Release|Any CPU.ActiveCfg = Release|Any CPU
		{57B2CC8F-7140-4AE5-AE68-91596E61EF48}.Release|Any CPU.Build.0 = Release|Any CPU
		{CDDF63B8-B6E2-4863-9BFA-23E3CA467211}.Debug|Any CPU.ActiveCfg = Debug|Any CPU
		{CDDF63B8-B6E2-4863-9BFA-23E3CA467211}.Debug|Any CPU.Build.0 = Debug|Any CPU
		{CDDF63B8-B6E2-4863-9BFA-23E3CA467211}.Release|Any CPU.ActiveCfg = Release|Any CPU
		{CDDF63B8-B6E2-4863-9BFA-23E3CA467211}.Release|Any CPU.Build.0 = Release|Any CPU
		{F11210C4-7C88-45D9-8190-5FAC8E3CF7CD}.Debug|Any CPU.ActiveCfg = Debug|Any CPU
		{F11210C4-7C88-45D9-8190-5FAC8E3CF7CD}.Debug|Any CPU.Build.0 = Debug|Any CPU
		{F11210C4-7C88-45D9-8190-5FAC8E3CF7CD}.Release|Any CPU.ActiveCfg = Release|Any CPU
		{F11210C4-7C88-45D9-8190-5FAC8E3CF7CD}.Release|Any CPU.Build.0 = Release|Any CPU
		{4FF0E2FA-5C2B-4081-963F-7A7FDFD13F6C}.Debug|Any CPU.ActiveCfg = Debug|Any CPU
		{4FF0E2FA-5C2B-4081-963F-7A7FDFD13F6C}.Debug|Any CPU.Build.0 = Debug|Any CPU
		{4FF0E2FA-5C2B-4081-963F-7A7FDFD13F6C}.Release|Any CPU.ActiveCfg = Release|Any CPU
		{4FF0E2FA-5C2B-4081-963F-7A7FDFD13F6C}.Release|Any CPU.Build.0 = Release|Any CPU
		{0B26CA58-9369-44A6-B3FF-3D47C53F4243}.Debug|Any CPU.ActiveCfg = Debug|Any CPU
		{0B26CA58-9369-44A6-B3FF-3D47C53F4243}.Debug|Any CPU.Build.0 = Debug|Any CPU
		{0B26CA58-9369-44A6-B3FF-3D47C53F4243}.Release|Any CPU.ActiveCfg = Release|Any CPU
		{0B26CA58-9369-44A6-B3FF-3D47C53F4243}.Release|Any CPU.Build.0 = Release|Any CPU
		{4D1E2995-ABB6-4F86-8903-C0F1A7B550EA}.Debug|Any CPU.ActiveCfg = Debug|Any CPU
		{4D1E2995-ABB6-4F86-8903-C0F1A7B550EA}.Debug|Any CPU.Build.0 = Debug|Any CPU
		{4D1E2995-ABB6-4F86-8903-C0F1A7B550EA}.Release|Any CPU.ActiveCfg = Release|Any CPU
		{4D1E2995-ABB6-4F86-8903-C0F1A7B550EA}.Release|Any CPU.Build.0 = Release|Any CPU
		{F171E7F5-8581-41D7-84A4-9B900BF91687}.Debug|Any CPU.ActiveCfg = Debug|Any CPU
		{F171E7F5-8581-41D7-84A4-9B900BF91687}.Debug|Any CPU.Build.0 = Debug|Any CPU
		{F171E7F5-8581-41D7-84A4-9B900BF91687}.Release|Any CPU.ActiveCfg = Release|Any CPU
		{F171E7F5-8581-41D7-84A4-9B900BF91687}.Release|Any CPU.Build.0 = Release|Any CPU
		{5F5A6C91-3197-497C-8A88-9342FDF87040}.Debug|Any CPU.ActiveCfg = Debug|Any CPU
		{5F5A6C91-3197-497C-8A88-9342FDF87040}.Debug|Any CPU.Build.0 = Debug|Any CPU
		{5F5A6C91-3197-497C-8A88-9342FDF87040}.Release|Any CPU.ActiveCfg = Release|Any CPU
		{5F5A6C91-3197-497C-8A88-9342FDF87040}.Release|Any CPU.Build.0 = Release|Any CPU
		{760F20F8-BD88-4D3B-9500-32A8AFB46130}.Debug|Any CPU.ActiveCfg = Debug|Any CPU
		{760F20F8-BD88-4D3B-9500-32A8AFB46130}.Debug|Any CPU.Build.0 = Debug|Any CPU
		{760F20F8-BD88-4D3B-9500-32A8AFB46130}.Release|Any CPU.ActiveCfg = Release|Any CPU
		{760F20F8-BD88-4D3B-9500-32A8AFB46130}.Release|Any CPU.Build.0 = Release|Any CPU
		{50DA622C-5981-455C-84D8-6653E1417B77}.Debug|Any CPU.ActiveCfg = Debug|Any CPU
		{50DA622C-5981-455C-84D8-6653E1417B77}.Debug|Any CPU.Build.0 = Debug|Any CPU
		{50DA622C-5981-455C-84D8-6653E1417B77}.Release|Any CPU.ActiveCfg = Release|Any CPU
		{50DA622C-5981-455C-84D8-6653E1417B77}.Release|Any CPU.Build.0 = Release|Any CPU
		{2AA1933B-55B2-4377-82DD-AB8E3E78BB74}.Debug|Any CPU.ActiveCfg = Debug|Any CPU
		{2AA1933B-55B2-4377-82DD-AB8E3E78BB74}.Debug|Any CPU.Build.0 = Debug|Any CPU
		{2AA1933B-55B2-4377-82DD-AB8E3E78BB74}.Release|Any CPU.ActiveCfg = Release|Any CPU
		{2AA1933B-55B2-4377-82DD-AB8E3E78BB74}.Release|Any CPU.Build.0 = Release|Any CPU
		{60A80517-F7D7-4D2E-9496-3C4AB7BD2ADF}.Debug|Any CPU.ActiveCfg = Debug|Any CPU
		{60A80517-F7D7-4D2E-9496-3C4AB7BD2ADF}.Debug|Any CPU.Build.0 = Debug|Any CPU
		{60A80517-F7D7-4D2E-9496-3C4AB7BD2ADF}.Release|Any CPU.ActiveCfg = Release|Any CPU
		{60A80517-F7D7-4D2E-9496-3C4AB7BD2ADF}.Release|Any CPU.Build.0 = Release|Any CPU
		{0312CBBF-41C7-41E6-A870-4CBD9C035CC2}.Debug|Any CPU.ActiveCfg = Debug|Any CPU
		{0312CBBF-41C7-41E6-A870-4CBD9C035CC2}.Debug|Any CPU.Build.0 = Debug|Any CPU
		{0312CBBF-41C7-41E6-A870-4CBD9C035CC2}.Release|Any CPU.ActiveCfg = Release|Any CPU
		{0312CBBF-41C7-41E6-A870-4CBD9C035CC2}.Release|Any CPU.Build.0 = Release|Any CPU
		{87964AA2-A788-4E78-AC14-C5B6E6DD4088}.Debug|Any CPU.ActiveCfg = Debug|Any CPU
		{87964AA2-A788-4E78-AC14-C5B6E6DD4088}.Debug|Any CPU.Build.0 = Debug|Any CPU
		{87964AA2-A788-4E78-AC14-C5B6E6DD4088}.Release|Any CPU.ActiveCfg = Release|Any CPU
		{87964AA2-A788-4E78-AC14-C5B6E6DD4088}.Release|Any CPU.Build.0 = Release|Any CPU
		{3A50AE04-57CD-4196-A718-FD9FEB9D27B2}.Debug|Any CPU.ActiveCfg = Debug|Any CPU
		{3A50AE04-57CD-4196-A718-FD9FEB9D27B2}.Debug|Any CPU.Build.0 = Debug|Any CPU
		{3A50AE04-57CD-4196-A718-FD9FEB9D27B2}.Release|Any CPU.ActiveCfg = Release|Any CPU
		{3A50AE04-57CD-4196-A718-FD9FEB9D27B2}.Release|Any CPU.Build.0 = Release|Any CPU
		{69831F60-5D9C-4975-BEAD-7C6DB5A5966A}.Debug|Any CPU.ActiveCfg = Debug|Any CPU
		{69831F60-5D9C-4975-BEAD-7C6DB5A5966A}.Debug|Any CPU.Build.0 = Debug|Any CPU
		{69831F60-5D9C-4975-BEAD-7C6DB5A5966A}.Release|Any CPU.ActiveCfg = Release|Any CPU
		{69831F60-5D9C-4975-BEAD-7C6DB5A5966A}.Release|Any CPU.Build.0 = Release|Any CPU
		{125DE642-01DA-4E8B-B2AF-C24F7B9E5430}.Debug|Any CPU.ActiveCfg = Debug|Any CPU
		{125DE642-01DA-4E8B-B2AF-C24F7B9E5430}.Debug|Any CPU.Build.0 = Debug|Any CPU
		{125DE642-01DA-4E8B-B2AF-C24F7B9E5430}.Release|Any CPU.ActiveCfg = Release|Any CPU
		{125DE642-01DA-4E8B-B2AF-C24F7B9E5430}.Release|Any CPU.Build.0 = Release|Any CPU
	EndGlobalSection
	GlobalSection(NestedProjects) = preSolution
		{E59BAC44-7E86-428A-ADA7-128D84A82EA3} = {646F8545-6992-4142-AE6E-83EEA970155D}
		{4C2CD34F-3D0A-4C9D-A4A1-A8C7A568B617} = {E59BAC44-7E86-428A-ADA7-128D84A82EA3}
		{80B2F17C-CB4E-4932-A63E-6D80CA33E352} = {EC39A463-41CD-4833-AA30-0805E39AAC24}
		{C025AE32-01B0-4222-97A8-D825A2C0633A} = {EC39A463-41CD-4833-AA30-0805E39AAC24}
		{70EFEA75-8EB7-46F0-B77B-DE2214C53346} = {EC39A463-41CD-4833-AA30-0805E39AAC24}
		{012F22C5-38CC-451E-8B86-2A3AD083F71C} = {EC39A463-41CD-4833-AA30-0805E39AAC24}
		{57B2CC8F-7140-4AE5-AE68-91596E61EF48} = {EC39A463-41CD-4833-AA30-0805E39AAC24}
		{CDDF63B8-B6E2-4863-9BFA-23E3CA467211} = {EC39A463-41CD-4833-AA30-0805E39AAC24}
		{F11210C4-7C88-45D9-8190-5FAC8E3CF7CD} = {EC39A463-41CD-4833-AA30-0805E39AAC24}
		{4FF0E2FA-5C2B-4081-963F-7A7FDFD13F6C} = {EC39A463-41CD-4833-AA30-0805E39AAC24}
		{0B26CA58-9369-44A6-B3FF-3D47C53F4243} = {EC39A463-41CD-4833-AA30-0805E39AAC24}
		{4D1E2995-ABB6-4F86-8903-C0F1A7B550EA} = {EC39A463-41CD-4833-AA30-0805E39AAC24}
		{F171E7F5-8581-41D7-84A4-9B900BF91687} = {EC39A463-41CD-4833-AA30-0805E39AAC24}
		{5F5A6C91-3197-497C-8A88-9342FDF87040} = {EC39A463-41CD-4833-AA30-0805E39AAC24}
		{760F20F8-BD88-4D3B-9500-32A8AFB46130} = {EC39A463-41CD-4833-AA30-0805E39AAC24}
		{50DA622C-5981-455C-84D8-6653E1417B77} = {EC39A463-41CD-4833-AA30-0805E39AAC24}
		{2AA1933B-55B2-4377-82DD-AB8E3E78BB74} = {D492DA34-E71C-4719-A873-28E02B3B63A7}
		{60A80517-F7D7-4D2E-9496-3C4AB7BD2ADF} = {D492DA34-E71C-4719-A873-28E02B3B63A7}
		{0312CBBF-41C7-41E6-A870-4CBD9C035CC2} = {F103ACC7-C5B1-4DB7-BF32-F2B8111449AD}
		{87964AA2-A788-4E78-AC14-C5B6E6DD4088} = {F103ACC7-C5B1-4DB7-BF32-F2B8111449AD}
		{3A50AE04-57CD-4196-A718-FD9FEB9D27B2} = {EC39A463-41CD-4833-AA30-0805E39AAC24}
		{69831F60-5D9C-4975-BEAD-7C6DB5A5966A} = {F103ACC7-C5B1-4DB7-BF32-F2B8111449AD}
		{125DE642-01DA-4E8B-B2AF-C24F7B9E5430} = {EC39A463-41CD-4833-AA30-0805E39AAC24}
	EndGlobalSection
EndGlobal
